// !$*UTF8*$!
{
	archiveVersion = 1;
	classes = {
	};
	objectVersion = 46;
	objects = {

/* Begin PBXBuildFile section */
		2AD0A12AAEB869078FAADD2A /* libPods-文明嘉兴Tests.a in Frameworks */ = {isa = PBXBuildFile; fileRef = 50C78A66058F7A59E0979F83 /* libPods-文明嘉兴Tests.a */; };
		8DF5F5F5B2FFC819D72FB6FC /* libPods-文明嘉兴UITests.a in Frameworks */ = {isa = PBXBuildFile; fileRef = 9278CC5FF51505DDD0975666 /* libPods-文明嘉兴UITests.a */; };
		A88929A45ADB09F4B5D81752 /* libPods-文明嘉兴.a in Frameworks */ = {isa = PBXBuildFile; fileRef = 78D10234DE811CDA796CF799 /* libPods-文明嘉兴.a */; };
		F712DA261D07C647005BC07C /* News.m in Sources */ = {isa = PBXBuildFile; fileRef = F712DA251D07C647005BC07C /* News.m */; };
		F712DA2F1D07C672005BC07C /* LaunchScreen.storyboard in Resources */ = {isa = PBXBuildFile; fileRef = F712DA281D07C672005BC07C /* LaunchScreen.storyboard */; };
		F712DA301D07C672005BC07C /* Main.storyboard in Resources */ = {isa = PBXBuildFile; fileRef = F712DA2A1D07C672005BC07C /* Main.storyboard */; };
		F712DA311D07C672005BC07C /* TableViewCell.m in Sources */ = {isa = PBXBuildFile; fileRef = F712DA2D1D07C672005BC07C /* TableViewCell.m */; };
		F712DA321D07C672005BC07C /* TableViewCell.xib in Resources */ = {isa = PBXBuildFile; fileRef = F712DA2E1D07C672005BC07C /* TableViewCell.xib */; };
		F712DA351D07C68D005BC07C /* NewsViewController.m in Sources */ = {isa = PBXBuildFile; fileRef = F712DA341D07C68D005BC07C /* NewsViewController.m */; };
		F720797E1D1AB2AF00ECAAAE /* YcSegmentView.m in Sources */ = {isa = PBXBuildFile; fileRef = F720797C1D1AB2AF00ECAAAE /* YcSegmentView.m */; };
		F72830BC1D1A9DA600B9D7AB /* BlogViewController.m in Sources */ = {isa = PBXBuildFile; fileRef = F72830BB1D1A9DA600B9D7AB /* BlogViewController.m */; };
		F74987F71D1BBF6700DA7ED9 /* NewDetail.m in Sources */ = {isa = PBXBuildFile; fileRef = F74987F61D1BBF6700DA7ED9 /* NewDetail.m */; };
		F79EF6741D10EFE2000B7B08 /* NewsDetailViewController.m in Sources */ = {isa = PBXBuildFile; fileRef = F79EF6731D10EFE2000B7B08 /* NewsDetailViewController.m */; };
		F7C4C06D1D02A77C00EAC936 /* main.m in Sources */ = {isa = PBXBuildFile; fileRef = F7C4C06C1D02A77C00EAC936 /* main.m */; };
		F7C4C0701D02A77C00EAC936 /* AppDelegate.m in Sources */ = {isa = PBXBuildFile; fileRef = F7C4C06F1D02A77C00EAC936 /* AppDelegate.m */; };
		F7C4C0781D02A77C00EAC936 /* Assets.xcassets in Resources */ = {isa = PBXBuildFile; fileRef = F7C4C0771D02A77C00EAC936 /* Assets.xcassets */; };
		F7C4C0861D02A77C00EAC936 /* ____Tests.m in Sources */ = {isa = PBXBuildFile; fileRef = F7C4C0851D02A77C00EAC936 /* ____Tests.m */; };
		F7C4C0911D02A77C00EAC936 /* ____UITests.m in Sources */ = {isa = PBXBuildFile; fileRef = F7C4C0901D02A77C00EAC936 /* ____UITests.m */; };
		F7CE80C61D101C8900CCC41C /* ViewController.m in Sources */ = {isa = PBXBuildFile; fileRef = F7CE80C51D101C8900CCC41C /* ViewController.m */; };
/* End PBXBuildFile section */

/* Begin PBXContainerItemProxy section */
		F7C4C0821D02A77C00EAC936 /* PBXContainerItemProxy */ = {
			isa = PBXContainerItemProxy;
			containerPortal = F7C4C0601D02A77C00EAC936 /* Project object */;
			proxyType = 1;
			remoteGlobalIDString = F7C4C0671D02A77C00EAC936;
			remoteInfo = "文明嘉兴";
		};
		F7C4C08D1D02A77C00EAC936 /* PBXContainerItemProxy */ = {
			isa = PBXContainerItemProxy;
			containerPortal = F7C4C0601D02A77C00EAC936 /* Project object */;
			proxyType = 1;
			remoteGlobalIDString = F7C4C0671D02A77C00EAC936;
			remoteInfo = "文明嘉兴";
		};
/* End PBXContainerItemProxy section */

/* Begin PBXFileReference section */
		0555277D765F26E627F636B8 /* Pods-文明嘉兴.debug.xcconfig */ = {isa = PBXFileReference; includeInIndex = 1; lastKnownFileType = text.xcconfig; name = "Pods-文明嘉兴.debug.xcconfig"; path = "Pods/Target Support Files/Pods-文明嘉兴/Pods-文明嘉兴.debug.xcconfig"; sourceTree = "<group>"; };
		2631098C2E2DB334857D1629 /* Pods-文明嘉兴Tests.debug.xcconfig */ = {isa = PBXFileReference; includeInIndex = 1; lastKnownFileType = text.xcconfig; name = "Pods-文明嘉兴Tests.debug.xcconfig"; path = "Pods/Target Support Files/Pods-文明嘉兴Tests/Pods-文明嘉兴Tests.debug.xcconfig"; sourceTree = "<group>"; };
		50C78A66058F7A59E0979F83 /* libPods-文明嘉兴Tests.a */ = {isa = PBXFileReference; explicitFileType = archive.ar; includeInIndex = 0; path = "libPods-文明嘉兴Tests.a"; sourceTree = BUILT_PRODUCTS_DIR; };
		78D10234DE811CDA796CF799 /* libPods-文明嘉兴.a */ = {isa = PBXFileReference; explicitFileType = archive.ar; includeInIndex = 0; path = "libPods-文明嘉兴.a"; sourceTree = BUILT_PRODUCTS_DIR; };
		9278CC5FF51505DDD0975666 /* libPods-文明嘉兴UITests.a */ = {isa = PBXFileReference; explicitFileType = archive.ar; includeInIndex = 0; path = "libPods-文明嘉兴UITests.a"; sourceTree = BUILT_PRODUCTS_DIR; };
		9E86492BD8184C24289063F4 /* Pods-文明嘉兴UITests.release.xcconfig */ = {isa = PBXFileReference; includeInIndex = 1; lastKnownFileType = text.xcconfig; name = "Pods-文明嘉兴UITests.release.xcconfig"; path = "Pods/Target Support Files/Pods-文明嘉兴UITests/Pods-文明嘉兴UITests.release.xcconfig"; sourceTree = "<group>"; };
		A92361B232C383349D701DB0 /* Pods-文明嘉兴UITests.debug.xcconfig */ = {isa = PBXFileReference; includeInIndex = 1; lastKnownFileType = text.xcconfig; name = "Pods-文明嘉兴UITests.debug.xcconfig"; path = "Pods/Target Support Files/Pods-文明嘉兴UITests/Pods-文明嘉兴UITests.debug.xcconfig"; sourceTree = "<group>"; };
		C2CA29C39C3C91FB6228F068 /* Pods-文明嘉兴.release.xcconfig */ = {isa = PBXFileReference; includeInIndex = 1; lastKnownFileType = text.xcconfig; name = "Pods-文明嘉兴.release.xcconfig"; path = "Pods/Target Support Files/Pods-文明嘉兴/Pods-文明嘉兴.release.xcconfig"; sourceTree = "<group>"; };
		F492D429A62D5CE9CA17A67D /* Pods-文明嘉兴Tests.release.xcconfig */ = {isa = PBXFileReference; includeInIndex = 1; lastKnownFileType = text.xcconfig; name = "Pods-文明嘉兴Tests.release.xcconfig"; path = "Pods/Target Support Files/Pods-文明嘉兴Tests/Pods-文明嘉兴Tests.release.xcconfig"; sourceTree = "<group>"; };
		F712DA241D07C647005BC07C /* News.h */ = {isa = PBXFileReference; fileEncoding = 4; lastKnownFileType = sourcecode.c.h; name = News.h; path = model/News.h; sourceTree = "<group>"; };
		F712DA251D07C647005BC07C /* News.m */ = {isa = PBXFileReference; fileEncoding = 4; lastKnownFileType = sourcecode.c.objc; name = News.m; path = model/News.m; sourceTree = "<group>"; };
		F712DA291D07C672005BC07C /* Base */ = {isa = PBXFileReference; lastKnownFileType = file.storyboard; name = Base; path = LaunchScreen.storyboard; sourceTree = "<group>"; };
		F712DA2B1D07C672005BC07C /* Base */ = {isa = PBXFileReference; lastKnownFileType = file.storyboard; name = Base; path = Main.storyboard; sourceTree = "<group>"; };
		F712DA2C1D07C672005BC07C /* TableViewCell.h */ = {isa = PBXFileReference; fileEncoding = 4; lastKnownFileType = sourcecode.c.h; name = TableViewCell.h; path = views/TableViewCell.h; sourceTree = "<group>"; };
		F712DA2D1D07C672005BC07C /* TableViewCell.m */ = {isa = PBXFileReference; fileEncoding = 4; lastKnownFileType = sourcecode.c.objc; name = TableViewCell.m; path = views/TableViewCell.m; sourceTree = "<group>"; };
		F712DA2E1D07C672005BC07C /* TableViewCell.xib */ = {isa = PBXFileReference; fileEncoding = 4; lastKnownFileType = file.xib; name = TableViewCell.xib; path = views/TableViewCell.xib; sourceTree = "<group>"; };
		F712DA331D07C68D005BC07C /* NewsViewController.h */ = {isa = PBXFileReference; fileEncoding = 4; lastKnownFileType = sourcecode.c.h; name = NewsViewController.h; path = contorllers/NewsViewController.h; sourceTree = "<group>"; };
		F712DA341D07C68D005BC07C /* NewsViewController.m */ = {isa = PBXFileReference; fileEncoding = 4; lastKnownFileType = sourcecode.c.objc; name = NewsViewController.m; path = contorllers/NewsViewController.m; sourceTree = "<group>"; };
		F720797C1D1AB2AF00ECAAAE /* YcSegmentView.m */ = {isa = PBXFileReference; fileEncoding = 4; lastKnownFileType = sourcecode.c.objc; path = YcSegmentView.m; sourceTree = "<group>"; };
		F720797D1D1AB2AF00ECAAAE /* YcSegmentView.h */ = {isa = PBXFileReference; fileEncoding = 4; lastKnownFileType = sourcecode.c.h; path = YcSegmentView.h; sourceTree = "<group>"; };
		F720E0671D0558DF002AFC6C /* News.pch */ = {isa = PBXFileReference; fileEncoding = 4; lastKnownFileType = sourcecode.c.h; path = News.pch; sourceTree = "<group>"; };
		F72830BA1D1A9DA600B9D7AB /* BlogViewController.h */ = {isa = PBXFileReference; fileEncoding = 4; lastKnownFileType = sourcecode.c.h; path = BlogViewController.h; sourceTree = "<group>"; };
		F72830BB1D1A9DA600B9D7AB /* BlogViewController.m */ = {isa = PBXFileReference; fileEncoding = 4; lastKnownFileType = sourcecode.c.objc; path = BlogViewController.m; sourceTree = "<group>"; };
		F74987F51D1BBF6700DA7ED9 /* NewDetail.h */ = {isa = PBXFileReference; fileEncoding = 4; lastKnownFileType = sourcecode.c.h; path = NewDetail.h; sourceTree = "<group>"; };
		F74987F61D1BBF6700DA7ED9 /* NewDetail.m */ = {isa = PBXFileReference; fileEncoding = 4; lastKnownFileType = sourcecode.c.objc; path = NewDetail.m; sourceTree = "<group>"; };
		F79EF6721D10EFE2000B7B08 /* NewsDetailViewController.h */ = {isa = PBXFileReference; fileEncoding = 4; lastKnownFileType = sourcecode.c.h; path = NewsDetailViewController.h; sourceTree = "<group>"; };
		F79EF6731D10EFE2000B7B08 /* NewsDetailViewController.m */ = {isa = PBXFileReference; fileEncoding = 4; lastKnownFileType = sourcecode.c.objc; path = NewsDetailViewController.m; sourceTree = "<group>"; };
		F7C4C0681D02A77C00EAC936 /* 文明嘉兴.app */ = {isa = PBXFileReference; explicitFileType = wrapper.application; includeInIndex = 0; path = "文明嘉兴.app"; sourceTree = BUILT_PRODUCTS_DIR; };
		F7C4C06C1D02A77C00EAC936 /* main.m */ = {isa = PBXFileReference; lastKnownFileType = sourcecode.c.objc; path = main.m; sourceTree = "<group>"; };
		F7C4C06E1D02A77C00EAC936 /* AppDelegate.h */ = {isa = PBXFileReference; lastKnownFileType = sourcecode.c.h; path = AppDelegate.h; sourceTree = "<group>"; };
		F7C4C06F1D02A77C00EAC936 /* AppDelegate.m */ = {isa = PBXFileReference; lastKnownFileType = sourcecode.c.objc; path = AppDelegate.m; sourceTree = "<group>"; };
		F7C4C0771D02A77C00EAC936 /* Assets.xcassets */ = {isa = PBXFileReference; lastKnownFileType = folder.assetcatalog; path = Assets.xcassets; sourceTree = "<group>"; };
		F7C4C07C1D02A77C00EAC936 /* Info.plist */ = {isa = PBXFileReference; lastKnownFileType = text.plist.xml; path = Info.plist; sourceTree = "<group>"; };
		F7C4C0811D02A77C00EAC936 /* 文明嘉兴Tests.xctest */ = {isa = PBXFileReference; explicitFileType = wrapper.cfbundle; includeInIndex = 0; path = "文明嘉兴Tests.xctest"; sourceTree = BUILT_PRODUCTS_DIR; };
		F7C4C0851D02A77C00EAC936 /* ____Tests.m */ = {isa = PBXFileReference; lastKnownFileType = sourcecode.c.objc; path = "____Tests.m"; sourceTree = "<group>"; };
		F7C4C0871D02A77C00EAC936 /* Info.plist */ = {isa = PBXFileReference; lastKnownFileType = text.plist.xml; path = Info.plist; sourceTree = "<group>"; };
		F7C4C08C1D02A77C00EAC936 /* 文明嘉兴UITests.xctest */ = {isa = PBXFileReference; explicitFileType = wrapper.cfbundle; includeInIndex = 0; path = "文明嘉兴UITests.xctest"; sourceTree = BUILT_PRODUCTS_DIR; };
		F7C4C0901D02A77C00EAC936 /* ____UITests.m */ = {isa = PBXFileReference; lastKnownFileType = sourcecode.c.objc; path = "____UITests.m"; sourceTree = "<group>"; };
		F7C4C0921D02A77C00EAC936 /* Info.plist */ = {isa = PBXFileReference; lastKnownFileType = text.plist.xml; path = Info.plist; sourceTree = "<group>"; };
		F7CE80C41D101C8900CCC41C /* ViewController.h */ = {isa = PBXFileReference; fileEncoding = 4; lastKnownFileType = sourcecode.c.h; path = ViewController.h; sourceTree = "<group>"; };
		F7CE80C51D101C8900CCC41C /* ViewController.m */ = {isa = PBXFileReference; fileEncoding = 4; lastKnownFileType = sourcecode.c.objc; path = ViewController.m; sourceTree = "<group>"; };
/* End PBXFileReference section */

/* Begin PBXFrameworksBuildPhase section */
		F7C4C0651D02A77C00EAC936 /* Frameworks */ = {
			isa = PBXFrameworksBuildPhase;
			buildActionMask = 2147483647;
			files = (
				A88929A45ADB09F4B5D81752 /* libPods-文明嘉兴.a in Frameworks */,
			);
			runOnlyForDeploymentPostprocessing = 0;
		};
		F7C4C07E1D02A77C00EAC936 /* Frameworks */ = {
			isa = PBXFrameworksBuildPhase;
			buildActionMask = 2147483647;
			files = (
				2AD0A12AAEB869078FAADD2A /* libPods-文明嘉兴Tests.a in Frameworks */,
			);
			runOnlyForDeploymentPostprocessing = 0;
		};
		F7C4C0891D02A77C00EAC936 /* Frameworks */ = {
			isa = PBXFrameworksBuildPhase;
			buildActionMask = 2147483647;
			files = (
				8DF5F5F5B2FFC819D72FB6FC /* libPods-文明嘉兴UITests.a in Frameworks */,
			);
			runOnlyForDeploymentPostprocessing = 0;
		};
/* End PBXFrameworksBuildPhase section */

/* Begin PBXGroup section */
		675242BAFC81A3431722B544 /* Pods */ = {
			isa = PBXGroup;
			children = (
				0555277D765F26E627F636B8 /* Pods-文明嘉兴.debug.xcconfig */,
				C2CA29C39C3C91FB6228F068 /* Pods-文明嘉兴.release.xcconfig */,
				2631098C2E2DB334857D1629 /* Pods-文明嘉兴Tests.debug.xcconfig */,
				F492D429A62D5CE9CA17A67D /* Pods-文明嘉兴Tests.release.xcconfig */,
				A92361B232C383349D701DB0 /* Pods-文明嘉兴UITests.debug.xcconfig */,
				9E86492BD8184C24289063F4 /* Pods-文明嘉兴UITests.release.xcconfig */,
			);
			name = Pods;
			sourceTree = "<group>";
		};
		70EBBCF85E7B55F2E0281126 /* Frameworks */ = {
			isa = PBXGroup;
			children = (
				78D10234DE811CDA796CF799 /* libPods-文明嘉兴.a */,
				50C78A66058F7A59E0979F83 /* libPods-文明嘉兴Tests.a */,
				9278CC5FF51505DDD0975666 /* libPods-文明嘉兴UITests.a */,
			);
			name = Frameworks;
			sourceTree = "<group>";
		};
		F712D9631D07B80E005BC07C /* Model */ = {
			isa = PBXGroup;
			children = (
				F712DA241D07C647005BC07C /* News.h */,
				F712DA251D07C647005BC07C /* News.m */,
				F74987F51D1BBF6700DA7ED9 /* NewDetail.h */,
				F74987F61D1BBF6700DA7ED9 /* NewDetail.m */,
			);
			name = Model;
			sourceTree = "<group>";
		};
		F712D9671D07B8D0005BC07C /* controllers */ = {
			isa = PBXGroup;
			children = (
				F712DA331D07C68D005BC07C /* NewsViewController.h */,
				F712DA341D07C68D005BC07C /* NewsViewController.m */,
				F79EF6721D10EFE2000B7B08 /* NewsDetailViewController.h */,
				F79EF6731D10EFE2000B7B08 /* NewsDetailViewController.m */,
				F72830BA1D1A9DA600B9D7AB /* BlogViewController.h */,
				F72830BB1D1A9DA600B9D7AB /* BlogViewController.m */,
				F7CE80C41D101C8900CCC41C /* ViewController.h */,
				F7CE80C51D101C8900CCC41C /* ViewController.m */,
				F7C4C06E1D02A77C00EAC936 /* AppDelegate.h */,
				F7C4C06F1D02A77C00EAC936 /* AppDelegate.m */,
				F7C4C07C1D02A77C00EAC936 /* Info.plist */,
			);
			name = controllers;
			sourceTree = "<group>";
		};
		F712D9681D07B909005BC07C /* views */ = {
			isa = PBXGroup;
			children = (
				F712DA2C1D07C672005BC07C /* TableViewCell.h */,
				F712DA2D1D07C672005BC07C /* TableViewCell.m */,
				F712DA2E1D07C672005BC07C /* TableViewCell.xib */,
				F712DA281D07C672005BC07C /* LaunchScreen.storyboard */,
				F712DA2A1D07C672005BC07C /* Main.storyboard */,
				F7C4C0771D02A77C00EAC936 /* Assets.xcassets */,
			);
			name = views;
			sourceTree = "<group>";
		};
		F720797B1D1AB2A000ECAAAE /* 库 */ = {
			isa = PBXGroup;
			children = (
				F720797C1D1AB2AF00ECAAAE /* YcSegmentView.m */,
				F720797D1D1AB2AF00ECAAAE /* YcSegmentView.h */,
			);
			name = "库";
			sourceTree = "<group>";
		};
		F7C4C05F1D02A77C00EAC936 = {
			isa = PBXGroup;
			children = (
				F720797B1D1AB2A000ECAAAE /* 库 */,
				F7C4C06A1D02A77C00EAC936 /* 文明嘉兴 */,
				F7C4C0841D02A77C00EAC936 /* 文明嘉兴Tests */,
				F7C4C08F1D02A77C00EAC936 /* 文明嘉兴UITests */,
				F7C4C0691D02A77C00EAC936 /* Products */,
				675242BAFC81A3431722B544 /* Pods */,
				70EBBCF85E7B55F2E0281126 /* Frameworks */,
			);
			sourceTree = "<group>";
		};
		F7C4C0691D02A77C00EAC936 /* Products */ = {
			isa = PBXGroup;
			children = (
				F7C4C0681D02A77C00EAC936 /* 文明嘉兴.app */,
				F7C4C0811D02A77C00EAC936 /* 文明嘉兴Tests.xctest */,
				F7C4C08C1D02A77C00EAC936 /* 文明嘉兴UITests.xctest */,
			);
			name = Products;
			sourceTree = "<group>";
		};
		F7C4C06A1D02A77C00EAC936 /* 文明嘉兴 */ = {
			isa = PBXGroup;
			children = (
				F712D9631D07B80E005BC07C /* Model */,
				F712D9681D07B909005BC07C /* views */,
				F712D9671D07B8D0005BC07C /* controllers */,
				F7C4C06B1D02A77C00EAC936 /* Supporting Files */,
			);
			path = "文明嘉兴";
			sourceTree = "<group>";
		};
		F7C4C06B1D02A77C00EAC936 /* Supporting Files */ = {
			isa = PBXGroup;
			children = (
				F720E0671D0558DF002AFC6C /* News.pch */,
				F7C4C06C1D02A77C00EAC936 /* main.m */,
			);
			name = "Supporting Files";
			sourceTree = "<group>";
		};
		F7C4C0841D02A77C00EAC936 /* 文明嘉兴Tests */ = {
			isa = PBXGroup;
			children = (
				F7C4C0851D02A77C00EAC936 /* ____Tests.m */,
				F7C4C0871D02A77C00EAC936 /* Info.plist */,
			);
			path = "文明嘉兴Tests";
			sourceTree = "<group>";
		};
		F7C4C08F1D02A77C00EAC936 /* 文明嘉兴UITests */ = {
			isa = PBXGroup;
			children = (
				F7C4C0901D02A77C00EAC936 /* ____UITests.m */,
				F7C4C0921D02A77C00EAC936 /* Info.plist */,
			);
			path = "文明嘉兴UITests";
			sourceTree = "<group>";
		};
/* End PBXGroup section */

/* Begin PBXNativeTarget section */
		F7C4C0671D02A77C00EAC936 /* 文明嘉兴 */ = {
			isa = PBXNativeTarget;
			buildConfigurationList = F7C4C0951D02A77C00EAC936 /* Build configuration list for PBXNativeTarget "文明嘉兴" */;
			buildPhases = (
				2263AE22D267CC1C8087CBD3 /* 📦 Check Pods Manifest.lock */,
				F7C4C0641D02A77C00EAC936 /* Sources */,
				F7C4C0651D02A77C00EAC936 /* Frameworks */,
				F7C4C0661D02A77C00EAC936 /* Resources */,
				9D468B9E89D286EB4EA8B339 /* 📦 Embed Pods Frameworks */,
				A5E8325646C255C06DFCA557 /* 📦 Copy Pods Resources */,
			);
			buildRules = (
			);
			dependencies = (
			);
			name = "文明嘉兴";
			productName = "文明嘉兴";
			productReference = F7C4C0681D02A77C00EAC936 /* 文明嘉兴.app */;
			productType = "com.apple.product-type.application";
		};
		F7C4C0801D02A77C00EAC936 /* 文明嘉兴Tests */ = {
			isa = PBXNativeTarget;
			buildConfigurationList = F7C4C0981D02A77C00EAC936 /* Build configuration list for PBXNativeTarget "文明嘉兴Tests" */;
			buildPhases = (
				FB3B9905B2EA106C6FE306C9 /* 📦 Check Pods Manifest.lock */,
				F7C4C07D1D02A77C00EAC936 /* Sources */,
				F7C4C07E1D02A77C00EAC936 /* Frameworks */,
				F7C4C07F1D02A77C00EAC936 /* Resources */,
				353BA1E7A9B3DC3AA6DA2C60 /* 📦 Embed Pods Frameworks */,
				7AFA900AB3E463AC3D8D6A49 /* 📦 Copy Pods Resources */,
			);
			buildRules = (
			);
			dependencies = (
				F7C4C0831D02A77C00EAC936 /* PBXTargetDependency */,
			);
			name = "文明嘉兴Tests";
			productName = "文明嘉兴Tests";
			productReference = F7C4C0811D02A77C00EAC936 /* 文明嘉兴Tests.xctest */;
			productType = "com.apple.product-type.bundle.unit-test";
		};
		F7C4C08B1D02A77C00EAC936 /* 文明嘉兴UITests */ = {
			isa = PBXNativeTarget;
			buildConfigurationList = F7C4C09B1D02A77C00EAC936 /* Build configuration list for PBXNativeTarget "文明嘉兴UITests" */;
			buildPhases = (
				C387BDCA330EA6AB4586993D /* 📦 Check Pods Manifest.lock */,
				F7C4C0881D02A77C00EAC936 /* Sources */,
				F7C4C0891D02A77C00EAC936 /* Frameworks */,
				F7C4C08A1D02A77C00EAC936 /* Resources */,
				3807651F70A913172A28BCAF /* 📦 Copy Pods Resources */,
			);
			buildRules = (
			);
			dependencies = (
				F7C4C08E1D02A77C00EAC936 /* PBXTargetDependency */,
			);
			name = "文明嘉兴UITests";
			productName = "文明嘉兴UITests";
			productReference = F7C4C08C1D02A77C00EAC936 /* 文明嘉兴UITests.xctest */;
			productType = "com.apple.product-type.bundle.ui-testing";
		};
/* End PBXNativeTarget section */

/* Begin PBXProject section */
		F7C4C0601D02A77C00EAC936 /* Project object */ = {
			isa = PBXProject;
			attributes = {
				LastUpgradeCheck = 0730;
				ORGANIZATIONNAME = dc003;
				TargetAttributes = {
					F7C4C0671D02A77C00EAC936 = {
						CreatedOnToolsVersion = 7.3;
						DevelopmentTeam = 34V9U4AS8Z;
					};
					F7C4C0801D02A77C00EAC936 = {
						CreatedOnToolsVersion = 7.3;
						DevelopmentTeam = 34V9U4AS8Z;
						TestTargetID = F7C4C0671D02A77C00EAC936;
					};
					F7C4C08B1D02A77C00EAC936 = {
						CreatedOnToolsVersion = 7.3;
						DevelopmentTeam = 34V9U4AS8Z;
						TestTargetID = F7C4C0671D02A77C00EAC936;
					};
				};
			};
			buildConfigurationList = F7C4C0631D02A77C00EAC936 /* Build configuration list for PBXProject "文明嘉兴" */;
			compatibilityVersion = "Xcode 3.2";
			developmentRegion = English;
			hasScannedForEncodings = 0;
			knownRegions = (
				en,
				Base,
			);
			mainGroup = F7C4C05F1D02A77C00EAC936;
			productRefGroup = F7C4C0691D02A77C00EAC936 /* Products */;
			projectDirPath = "";
			projectRoot = "";
			targets = (
				F7C4C0671D02A77C00EAC936 /* 文明嘉兴 */,
				F7C4C0801D02A77C00EAC936 /* 文明嘉兴Tests */,
				F7C4C08B1D02A77C00EAC936 /* 文明嘉兴UITests */,
			);
		};
/* End PBXProject section */

/* Begin PBXResourcesBuildPhase section */
		F7C4C0661D02A77C00EAC936 /* Resources */ = {
			isa = PBXResourcesBuildPhase;
			buildActionMask = 2147483647;
			files = (
				F712DA2F1D07C672005BC07C /* LaunchScreen.storyboard in Resources */,
				F712DA321D07C672005BC07C /* TableViewCell.xib in Resources */,
				F7C4C0781D02A77C00EAC936 /* Assets.xcassets in Resources */,
				F712DA301D07C672005BC07C /* Main.storyboard in Resources */,
			);
			runOnlyForDeploymentPostprocessing = 0;
		};
		F7C4C07F1D02A77C00EAC936 /* Resources */ = {
			isa = PBXResourcesBuildPhase;
			buildActionMask = 2147483647;
			files = (
			);
			runOnlyForDeploymentPostprocessing = 0;
		};
		F7C4C08A1D02A77C00EAC936 /* Resources */ = {
			isa = PBXResourcesBuildPhase;
			buildActionMask = 2147483647;
			files = (
			);
			runOnlyForDeploymentPostprocessing = 0;
		};
/* End PBXResourcesBuildPhase section */

/* Begin PBXShellScriptBuildPhase section */
		2263AE22D267CC1C8087CBD3 /* 📦 Check Pods Manifest.lock */ = {
			isa = PBXShellScriptBuildPhase;
			buildActionMask = 2147483647;
			files = (
			);
			inputPaths = (
			);
			name = "📦 Check Pods Manifest.lock";
			outputPaths = (
			);
			runOnlyForDeploymentPostprocessing = 0;
			shellPath = /bin/sh;
			shellScript = "diff \"${PODS_ROOT}/../Podfile.lock\" \"${PODS_ROOT}/Manifest.lock\" > /dev/null\nif [[ $? != 0 ]] ; then\n    cat << EOM\nerror: The sandbox is not in sync with the Podfile.lock. Run 'pod install' or update your CocoaPods installation.\nEOM\n    exit 1\nfi\n";
			showEnvVarsInLog = 0;
		};
		353BA1E7A9B3DC3AA6DA2C60 /* 📦 Embed Pods Frameworks */ = {
			isa = PBXShellScriptBuildPhase;
			buildActionMask = 2147483647;
			files = (
			);
			inputPaths = (
			);
			name = "📦 Embed Pods Frameworks";
			outputPaths = (
			);
			runOnlyForDeploymentPostprocessing = 0;
			shellPath = /bin/sh;
			shellScript = "\"${SRCROOT}/Pods/Target Support Files/Pods-文明嘉兴Tests/Pods-文明嘉兴Tests-frameworks.sh\"\n";
			showEnvVarsInLog = 0;
		};
		3807651F70A913172A28BCAF /* 📦 Copy Pods Resources */ = {
			isa = PBXShellScriptBuildPhase;
			buildActionMask = 2147483647;
			files = (
			);
			inputPaths = (
			);
			name = "📦 Copy Pods Resources";
			outputPaths = (
			);
			runOnlyForDeploymentPostprocessing = 0;
			shellPath = /bin/sh;
			shellScript = "\"${SRCROOT}/Pods/Target Support Files/Pods-文明嘉兴UITests/Pods-文明嘉兴UITests-resources.sh\"\n";
			showEnvVarsInLog = 0;
		};
		7AFA900AB3E463AC3D8D6A49 /* 📦 Copy Pods Resources */ = {
			isa = PBXShellScriptBuildPhase;
			buildActionMask = 2147483647;
			files = (
			);
			inputPaths = (
			);
			name = "📦 Copy Pods Resources";
			outputPaths = (
			);
			runOnlyForDeploymentPostprocessing = 0;
			shellPath = /bin/sh;
			shellScript = "\"${SRCROOT}/Pods/Target Support Files/Pods-文明嘉兴Tests/Pods-文明嘉兴Tests-resources.sh\"\n";
			showEnvVarsInLog = 0;
		};
		9D468B9E89D286EB4EA8B339 /* 📦 Embed Pods Frameworks */ = {
			isa = PBXShellScriptBuildPhase;
			buildActionMask = 2147483647;
			files = (
			);
			inputPaths = (
			);
			name = "📦 Embed Pods Frameworks";
			outputPaths = (
			);
			runOnlyForDeploymentPostprocessing = 0;
			shellPath = /bin/sh;
			shellScript = "\"${SRCROOT}/Pods/Target Support Files/Pods-文明嘉兴/Pods-文明嘉兴-frameworks.sh\"\n";
			showEnvVarsInLog = 0;
		};
		A5E8325646C255C06DFCA557 /* 📦 Copy Pods Resources */ = {
			isa = PBXShellScriptBuildPhase;
			buildActionMask = 2147483647;
			files = (
			);
			inputPaths = (
			);
			name = "📦 Copy Pods Resources";
			outputPaths = (
			);
			runOnlyForDeploymentPostprocessing = 0;
			shellPath = /bin/sh;
			shellScript = "\"${SRCROOT}/Pods/Target Support Files/Pods-文明嘉兴/Pods-文明嘉兴-resources.sh\"\n";
			showEnvVarsInLog = 0;
		};
		C387BDCA330EA6AB4586993D /* 📦 Check Pods Manifest.lock */ = {
			isa = PBXShellScriptBuildPhase;
			buildActionMask = 2147483647;
			files = (
			);
			inputPaths = (
			);
			name = "📦 Check Pods Manifest.lock";
			outputPaths = (
			);
			runOnlyForDeploymentPostprocessing = 0;
			shellPath = /bin/sh;
			shellScript = "diff \"${PODS_ROOT}/../Podfile.lock\" \"${PODS_ROOT}/Manifest.lock\" > /dev/null\nif [[ $? != 0 ]] ; then\n    cat << EOM\nerror: The sandbox is not in sync with the Podfile.lock. Run 'pod install' or update your CocoaPods installation.\nEOM\n    exit 1\nfi\n";
			showEnvVarsInLog = 0;
		};
		FB3B9905B2EA106C6FE306C9 /* 📦 Check Pods Manifest.lock */ = {
			isa = PBXShellScriptBuildPhase;
			buildActionMask = 2147483647;
			files = (
			);
			inputPaths = (
			);
			name = "📦 Check Pods Manifest.lock";
			outputPaths = (
			);
			runOnlyForDeploymentPostprocessing = 0;
			shellPath = /bin/sh;
			shellScript = "diff \"${PODS_ROOT}/../Podfile.lock\" \"${PODS_ROOT}/Manifest.lock\" > /dev/null\nif [[ $? != 0 ]] ; then\n    cat << EOM\nerror: The sandbox is not in sync with the Podfile.lock. Run 'pod install' or update your CocoaPods installation.\nEOM\n    exit 1\nfi\n";
			showEnvVarsInLog = 0;
		};
/* End PBXShellScriptBuildPhase section */

/* Begin PBXSourcesBuildPhase section */
		F7C4C0641D02A77C00EAC936 /* Sources */ = {
			isa = PBXSourcesBuildPhase;
			buildActionMask = 2147483647;
			files = (
				F7CE80C61D101C8900CCC41C /* ViewController.m in Sources */,
				F79EF6741D10EFE2000B7B08 /* NewsDetailViewController.m in Sources */,
				F712DA351D07C68D005BC07C /* NewsViewController.m in Sources */,
				F712DA261D07C647005BC07C /* News.m in Sources */,
				F72830BC1D1A9DA600B9D7AB /* BlogViewController.m in Sources */,
				F74987F71D1BBF6700DA7ED9 /* NewDetail.m in Sources */,
				F7C4C0701D02A77C00EAC936 /* AppDelegate.m in Sources */,
				F712DA311D07C672005BC07C /* TableViewCell.m in Sources */,
				F7C4C06D1D02A77C00EAC936 /* main.m in Sources */,
				F720797E1D1AB2AF00ECAAAE /* YcSegmentView.m in Sources */,
			);
			runOnlyForDeploymentPostprocessing = 0;
		};
		F7C4C07D1D02A77C00EAC936 /* Sources */ = {
			isa = PBXSourcesBuildPhase;
			buildActionMask = 2147483647;
			files = (
				F7C4C0861D02A77C00EAC936 /* ____Tests.m in Sources */,
			);
			runOnlyForDeploymentPostprocessing = 0;
		};
		F7C4C0881D02A77C00EAC936 /* Sources */ = {
			isa = PBXSourcesBuildPhase;
			buildActionMask = 2147483647;
			files = (
				F7C4C0911D02A77C00EAC936 /* ____UITests.m in Sources */,
			);
			runOnlyForDeploymentPostprocessing = 0;
		};
/* End PBXSourcesBuildPhase section */

/* Begin PBXTargetDependency section */
		F7C4C0831D02A77C00EAC936 /* PBXTargetDependency */ = {
			isa = PBXTargetDependency;
			target = F7C4C0671D02A77C00EAC936 /* 文明嘉兴 */;
			targetProxy = F7C4C0821D02A77C00EAC936 /* PBXContainerItemProxy */;
		};
		F7C4C08E1D02A77C00EAC936 /* PBXTargetDependency */ = {
			isa = PBXTargetDependency;
			target = F7C4C0671D02A77C00EAC936 /* 文明嘉兴 */;
			targetProxy = F7C4C08D1D02A77C00EAC936 /* PBXContainerItemProxy */;
		};
/* End PBXTargetDependency section */

/* Begin PBXVariantGroup section */
		F712DA281D07C672005BC07C /* LaunchScreen.storyboard */ = {
			isa = PBXVariantGroup;
			children = (
				F712DA291D07C672005BC07C /* Base */,
			);
			name = LaunchScreen.storyboard;
			path = views/Base.lproj;
			sourceTree = "<group>";
		};
		F712DA2A1D07C672005BC07C /* Main.storyboard */ = {
			isa = PBXVariantGroup;
			children = (
				F712DA2B1D07C672005BC07C /* Base */,
			);
			name = Main.storyboard;
			path = views/Base.lproj;
			sourceTree = "<group>";
		};
/* End PBXVariantGroup section */

/* Begin XCBuildConfiguration section */
		F7C4C0931D02A77C00EAC936 /* Debug */ = {
			isa = XCBuildConfiguration;
			buildSettings = {
				ALWAYS_SEARCH_USER_PATHS = NO;
				CLANG_ANALYZER_NONNULL = YES;
				CLANG_CXX_LANGUAGE_STANDARD = "gnu++0x";
				CLANG_CXX_LIBRARY = "libc++";
				CLANG_ENABLE_MODULES = YES;
				CLANG_ENABLE_OBJC_ARC = YES;
				CLANG_WARN_BOOL_CONVERSION = YES;
				CLANG_WARN_CONSTANT_CONVERSION = YES;
				CLANG_WARN_DIRECT_OBJC_ISA_USAGE = YES_ERROR;
				CLANG_WARN_EMPTY_BODY = YES;
				CLANG_WARN_ENUM_CONVERSION = YES;
				CLANG_WARN_INT_CONVERSION = YES;
				CLANG_WARN_OBJC_ROOT_CLASS = YES_ERROR;
				CLANG_WARN_UNREACHABLE_CODE = YES;
				CLANG_WARN__DUPLICATE_METHOD_MATCH = YES;
				"CODE_SIGN_IDENTITY[sdk=iphoneos*]" = "iPhone Developer";
				COPY_PHASE_STRIP = NO;
				DEBUG_INFORMATION_FORMAT = dwarf;
				ENABLE_STRICT_OBJC_MSGSEND = YES;
				ENABLE_TESTABILITY = YES;
				GCC_C_LANGUAGE_STANDARD = gnu99;
				GCC_DYNAMIC_NO_PIC = NO;
				GCC_NO_COMMON_BLOCKS = YES;
				GCC_OPTIMIZATION_LEVEL = 0;
				GCC_PREPROCESSOR_DEFINITIONS = (
					"DEBUG=1",
					"$(inherited)",
				);
				GCC_WARN_64_TO_32_BIT_CONVERSION = YES;
				GCC_WARN_ABOUT_RETURN_TYPE = YES_ERROR;
				GCC_WARN_UNDECLARED_SELECTOR = YES;
				GCC_WARN_UNINITIALIZED_AUTOS = YES_AGGRESSIVE;
				GCC_WARN_UNUSED_FUNCTION = YES;
				GCC_WARN_UNUSED_VARIABLE = YES;
				IPHONEOS_DEPLOYMENT_TARGET = 9.1;
				MTL_ENABLE_DEBUG_INFO = YES;
				ONLY_ACTIVE_ARCH = YES;
				SDKROOT = iphoneos;
			};
			name = Debug;
		};
		F7C4C0941D02A77C00EAC936 /* Release */ = {
			isa = XCBuildConfiguration;
			buildSettings = {
				ALWAYS_SEARCH_USER_PATHS = NO;
				CLANG_ANALYZER_NONNULL = YES;
				CLANG_CXX_LANGUAGE_STANDARD = "gnu++0x";
				CLANG_CXX_LIBRARY = "libc++";
				CLANG_ENABLE_MODULES = YES;
				CLANG_ENABLE_OBJC_ARC = YES;
				CLANG_WARN_BOOL_CONVERSION = YES;
				CLANG_WARN_CONSTANT_CONVERSION = YES;
				CLANG_WARN_DIRECT_OBJC_ISA_USAGE = YES_ERROR;
				CLANG_WARN_EMPTY_BODY = YES;
				CLANG_WARN_ENUM_CONVERSION = YES;
				CLANG_WARN_INT_CONVERSION = YES;
				CLANG_WARN_OBJC_ROOT_CLASS = YES_ERROR;
				CLANG_WARN_UNREACHABLE_CODE = YES;
				CLANG_WARN__DUPLICATE_METHOD_MATCH = YES;
				"CODE_SIGN_IDENTITY[sdk=iphoneos*]" = "iPhone Developer";
				COPY_PHASE_STRIP = NO;
				DEBUG_INFORMATION_FORMAT = "dwarf-with-dsym";
				ENABLE_NS_ASSERTIONS = NO;
				ENABLE_STRICT_OBJC_MSGSEND = YES;
				GCC_C_LANGUAGE_STANDARD = gnu99;
				GCC_NO_COMMON_BLOCKS = YES;
				GCC_WARN_64_TO_32_BIT_CONVERSION = YES;
				GCC_WARN_ABOUT_RETURN_TYPE = YES_ERROR;
				GCC_WARN_UNDECLARED_SELECTOR = YES;
				GCC_WARN_UNINITIALIZED_AUTOS = YES_AGGRESSIVE;
				GCC_WARN_UNUSED_FUNCTION = YES;
				GCC_WARN_UNUSED_VARIABLE = YES;
				IPHONEOS_DEPLOYMENT_TARGET = 9.1;
				MTL_ENABLE_DEBUG_INFO = NO;
				SDKROOT = iphoneos;
				VALIDATE_PRODUCT = YES;
			};
			name = Release;
		};
		F7C4C0961D02A77C00EAC936 /* Debug */ = {
			isa = XCBuildConfiguration;
			baseConfigurationReference = 0555277D765F26E627F636B8 /* Pods-文明嘉兴.debug.xcconfig */;
			buildSettings = {
				ASSETCATALOG_COMPILER_APPICON_NAME = AppIcon;
				GCC_PREFIX_HEADER = "$(SRCROOT)/文明嘉兴/News.pch";
				INFOPLIST_FILE = "文明嘉兴/Info.plist";
				IPHONEOS_DEPLOYMENT_TARGET = 9.1;
				LD_RUNPATH_SEARCH_PATHS = "$(inherited) @executable_path/Frameworks";
				PRODUCT_BUNDLE_IDENTIFIER = "--.----";
				PRODUCT_NAME = "$(TARGET_NAME)";
				USER_HEADER_SEARCH_PATHS = "${PODS_ROOT}/**";
			};
			name = Debug;
		};
		F7C4C0971D02A77C00EAC936 /* Release */ = {
			isa = XCBuildConfiguration;
			baseConfigurationReference = C2CA29C39C3C91FB6228F068 /* Pods-文明嘉兴.release.xcconfig */;
			buildSettings = {
				ASSETCATALOG_COMPILER_APPICON_NAME = AppIcon;
				GCC_PREFIX_HEADER = "$(SRCROOT)/文明嘉兴/News.pch";
				INFOPLIST_FILE = "文明嘉兴/Info.plist";
				IPHONEOS_DEPLOYMENT_TARGET = 9.1;
				LD_RUNPATH_SEARCH_PATHS = "$(inherited) @executable_path/Frameworks";
				PRODUCT_BUNDLE_IDENTIFIER = "--.----";
				PRODUCT_NAME = "$(TARGET_NAME)";
				USER_HEADER_SEARCH_PATHS = "${PODS_ROOT}/**";
			};
			name = Release;
		};
		F7C4C0991D02A77C00EAC936 /* Debug */ = {
			isa = XCBuildConfiguration;
			baseConfigurationReference = 2631098C2E2DB334857D1629 /* Pods-文明嘉兴Tests.debug.xcconfig */;
			buildSettings = {
				BUNDLE_LOADER = "$(TEST_HOST)";
				INFOPLIST_FILE = "文明嘉兴Tests/Info.plist";
				LD_RUNPATH_SEARCH_PATHS = "$(inherited) @executable_path/Frameworks @loader_path/Frameworks";
				PRODUCT_BUNDLE_IDENTIFIER = "--.----Tests";
				PRODUCT_NAME = "$(TARGET_NAME)";
				TEST_HOST = "$(BUILT_PRODUCTS_DIR)/文明嘉兴.app/文明嘉兴";
			};
			name = Debug;
		};
		F7C4C09A1D02A77C00EAC936 /* Release */ = {
			isa = XCBuildConfiguration;
			baseConfigurationReference = F492D429A62D5CE9CA17A67D /* Pods-文明嘉兴Tests.release.xcconfig */;
			buildSettings = {
				BUNDLE_LOADER = "$(TEST_HOST)";
				INFOPLIST_FILE = "文明嘉兴Tests/Info.plist";
				LD_RUNPATH_SEARCH_PATHS = "$(inherited) @executable_path/Frameworks @loader_path/Frameworks";
				PRODUCT_BUNDLE_IDENTIFIER = "--.----Tests";
				PRODUCT_NAME = "$(TARGET_NAME)";
				TEST_HOST = "$(BUILT_PRODUCTS_DIR)/文明嘉兴.app/文明嘉兴";
			};
			name = Release;
		};
		F7C4C09C1D02A77C00EAC936 /* Debug */ = {
			isa = XCBuildConfiguration;
			baseConfigurationReference = A92361B232C383349D701DB0 /* Pods-文明嘉兴UITests.debug.xcconfig */;
			buildSettings = {
				INFOPLIST_FILE = "文明嘉兴UITests/Info.plist";
				LD_RUNPATH_SEARCH_PATHS = "$(inherited) @executable_path/Frameworks @loader_path/Frameworks";
				PRODUCT_BUNDLE_IDENTIFIER = "--.----UITests";
				PRODUCT_NAME = "$(TARGET_NAME)";
				TEST_TARGET_NAME = "文明嘉兴";
			};
			name = Debug;
		};
		F7C4C09D1D02A77C00EAC936 /* Release */ = {
			isa = XCBuildConfiguration;
			baseConfigurationReference = 9E86492BD8184C24289063F4 /* Pods-文明嘉兴UITests.release.xcconfig */;
			buildSettings = {
				INFOPLIST_FILE = "文明嘉兴UITests/Info.plist";
				LD_RUNPATH_SEARCH_PATHS = "$(inherited) @executable_path/Frameworks @loader_path/Frameworks";
				PRODUCT_BUNDLE_IDENTIFIER = "--.----UITests";
				PRODUCT_NAME = "$(TARGET_NAME)";
				TEST_TARGET_NAME = "文明嘉兴";
			};
			name = Release;
		};
/* End XCBuildConfiguration section */

/* Begin XCConfigurationList section */
		F7C4C0631D02A77C00EAC936 /* Build configuration list for PBXProject "文明嘉兴" */ = {
			isa = XCConfigurationList;
			buildConfigurations = (
				F7C4C0931D02A77C00EAC936 /* Debug */,
				F7C4C0941D02A77C00EAC936 /* Release */,
			);
			defaultConfigurationIsVisible = 0;
			defaultConfigurationName = Release;
		};
		F7C4C0951D02A77C00EAC936 /* Build configuration list for PBXNativeTarget "文明嘉兴" */ = {
			isa = XCConfigurationList;
			buildConfigurations = (
				F7C4C0961D02A77C00EAC936 /* Debug */,
				F7C4C0971D02A77C00EAC936 /* Release */,
			);
			defaultConfigurationIsVisible = 0;
			defaultConfigurationName = Release;
		};
		F7C4C0981D02A77C00EAC936 /* Build configuration list for PBXNativeTarget "文明嘉兴Tests" */ = {
			isa = XCConfigurationList;
			buildConfigurations = (
				F7C4C0991D02A77C00EAC936 /* Debug */,
				F7C4C09A1D02A77C00EAC936 /* Release */,
			);
			defaultConfigurationIsVisible = 0;
			defaultConfigurationName = Release;
		};
		F7C4C09B1D02A77C00EAC936 /* Build configuration list for PBXNativeTarget "文明嘉兴UITests" */ = {
			isa = XCConfigurationList;
			buildConfigurations = (
				F7C4C09C1D02A77C00EAC936 /* Debug */,
				F7C4C09D1D02A77C00EAC936 /* Release */,
			);
			defaultConfigurationIsVisible = 0;
			defaultConfigurationName = Release;
		};
/* End XCConfigurationList section */
	};
	rootObject = F7C4C0601D02A77C00EAC936 /* Project object */;
}
